{
  "name": "updownio-webhook-to-pushover",
  "lockfileVersion": 2,
  "requires": true,
  "packages": {
    "": {
      "name": "updownio-webhook-to-pushover",
      "license": "MIT",
      "dependencies": {
        "moment": "^2.29.4",
        "moment-timezone": "^0.5.40",
        "pushover-js": "^1.3.1"
      }
    },
    "node_modules/moment": {
      "version": "2.29.4",
      "resolved": "https://registry.npmjs.org/moment/-/moment-2.29.4.tgz",
      "integrity": "sha512-5LC9SOxjSc2HF6vO2CyuTDNivEdoz2IvyJJGj6X8DJ0eFyfszE0QiEd+iXmBvUP3WHxSjFH/vIsA0EN00cgr8w==",
      "engines": {
        "node": "*"
      }
    },
    "node_modules/moment-timezone": {
      "version": "0.5.40",
      "resolved": "https://registry.npmjs.org/moment-timezone/-/moment-timezone-0.5.40.tgz",
      "integrity": "sha512-tWfmNkRYmBkPJz5mr9GVDn9vRlVZOTe6yqY92rFxiOdWXbjaR0+9LwQnZGGuNR63X456NqmEkbskte8tWL5ePg==",
      "dependencies": {
        "moment": ">= 2.9.0"
      },
      "engines": {
        "node": "*"
      }
    },
    "node_modules/pushover-js": {
      "version": "1.3.1",
      "resolved": "https://registry.npmjs.org/pushover-js/-/pushover-js-1.3.1.tgz",
      "integrity": "sha512-KSFtnyG7CdZHfo+FZOiolsLvuqy1i96SJioBK3SN/15hQZscxtlApnjMI19Yez+qNap9OzkCrlT2gJKxrmFMIw==",
      "engines": {
        "node": ">= 0.6.0"
      }
    }
  },
  "dependencies": {
    "moment": {
      "version": "2.29.4",
      "resolved": "https://registry.npmjs.org/moment/-/moment-2.29.4.tgz",
      "integrity": "sha512-5LC9SOxjSc2HF6vO2CyuTDNivEdoz2IvyJJGj6X8DJ0eFyfszE0QiEd+iXmBvUP3WHxSjFH/vIsA0EN00cgr8w=="
    },
    "moment-timezone": {
      "version": "0.5.40",
      "resolved": "https://registry.npmjs.org/moment-timezone/-/moment-timezone-0.5.40.tgz",
      "integrity": "sha512-tWfmNkRYmBkPJz5mr9GVDn9vRlVZOTe6yqY92rFxiOdWXbjaR0+9LwQnZGGuNR63X456NqmEkbskte8tWL5ePg==",
      "requires": {
        "moment": ">= 2.9.0"
      }
    },
    "pushover-js": {
      "version": "1.3.1",
      "resolved": "https://registry.npmjs.org/pushover-js/-/pushover-js-1.3.1.tgz",
      "integrity": "sha512-KSFtnyG7CdZHfo+FZOiolsLvuqy1i96SJioBK3SN/15hQZscxtlApnjMI19Yez+qNap9OzkCrlT2gJKxrmFMIw=="
    }
  }
}
