{
  "name": "updownio-webhook-to-pushover",
  "version": "1.0.0",
  "lockfileVersion": 2,
  "requires": true,
  "packages": {
    "": {
      "name": "updownio-webhook-to-pushover",
      "dependencies": {
        "moment": "^2.29.3",
        "moment-timezone": "^0.5.34",
        "pushover-notifications": "^1.2.2"
      }
    },
    "node_modules/moment": {
      "version": "2.29.3",
      "resolved": "https://registry.npmjs.org/moment/-/moment-2.29.3.tgz",
      "integrity": "sha512-c6YRvhEo//6T2Jz/vVtYzqBzwvPT95JBQ+smCytzf7c50oMZRsR/a4w88aD34I+/QVSfnoAnSBFPJHItlOMJVw==",
      "license": "MIT",
      "engines": {
        "node": "*"
      }
    },
    "node_modules/moment-timezone": {
      "version": "0.5.34",
      "resolved": "https://registry.npmjs.org/moment-timezone/-/moment-timezone-0.5.34.tgz",
      "integrity": "sha512-3zAEHh2hKUs3EXLESx/wsgw6IQdusOT8Bxm3D9UrHPQR7zlMmzwybC8zHEM1tQ4LJwP7fcxrWr8tuBg05fFCbg==",
      "license": "MIT",
      "dependencies": {
        "moment": ">= 2.9.0"
      },
      "engines": {
        "node": "*"
      }
    },
    "node_modules/pushover-notifications": {
      "version": "1.2.2",
      "resolved": "https://registry.npmjs.org/pushover-notifications/-/pushover-notifications-1.2.2.tgz",
      "integrity": "sha512-+3Xcj+kiMiouZK1Ws8yGBTyl8WMPZZdELgl/iVxYqNwDdlaObBHMhEGPRC6Zb9t0BE27ikOoOqSIO1cKZOtsDA==",
      "engines": {
        "node": "*"
      }
    }
  },
  "dependencies": {
    "moment": {
      "version": "2.29.3",
      "resolved": "https://registry.npmjs.org/moment/-/moment-2.29.3.tgz",
      "integrity": "sha512-c6YRvhEo//6T2Jz/vVtYzqBzwvPT95JBQ+smCytzf7c50oMZRsR/a4w88aD34I+/QVSfnoAnSBFPJHItlOMJVw=="
    },
    "moment-timezone": {
      "version": "0.5.34",
      "resolved": "https://registry.npmjs.org/moment-timezone/-/moment-timezone-0.5.34.tgz",
      "integrity": "sha512-3zAEHh2hKUs3EXLESx/wsgw6IQdusOT8Bxm3D9UrHPQR7zlMmzwybC8zHEM1tQ4LJwP7fcxrWr8tuBg05fFCbg==",
      "requires": {
        "moment": ">= 2.9.0"
      }
    },
    "pushover-notifications": {
      "version": "1.2.2",
      "resolved": "https://registry.npmjs.org/pushover-notifications/-/pushover-notifications-1.2.2.tgz",
      "integrity": "sha512-+3Xcj+kiMiouZK1Ws8yGBTyl8WMPZZdELgl/iVxYqNwDdlaObBHMhEGPRC6Zb9t0BE27ikOoOqSIO1cKZOtsDA=="
    }
  }
}
